
Microsoft Visual Studio Solution File, Format Version 12.00
# Visual Studio Version 17
VisualStudioVersion = 17.0.31903.59
MinimumVisualStudioVersion = 10.0.40219.1
Project("{2150E333-8FDC-42A3-9474-1A3956D46DE8}") = "src", "src", "{827E0CD3-B72D-47B6-A68D-7590B98EB39B}"
EndProject
Project("{FAE04EC0-301F-11D3-BF4B-00C04F79EFBC}") = "PocketBase.Net.Client", "src\PocketBase.Net.Client\PocketBase.Net.Client.csproj", "{5934E35C-C461-4555-AC45-CA30C5A3B53D}"
EndProject
Project("{FAE04EC0-301F-11D3-BF4B-00C04F79EFBC}") = "PocketBase.Net.Demo", "src\PocketBase.Net.Demo\PocketBase.Net.Demo.csproj", "{76AFF76E-2373-410A-A453-A9DD2E789A07}"
EndProject
Project("{FAE04EC0-301F-11D3-BF4B-00C04F79EFBC}") = "PocketBase.Net.DependencyInjection", "src\PocketBase.Net.DependencyInjection\PocketBase.Net.DependencyInjection.csproj", "{5B4B8D0D-93D8-4827-876B-B6AB7168D0DA}"
EndProject
Global
	GlobalSection(SolutionConfigurationPlatforms) = preSolution
		Debug|Any CPU = Debug|Any CPU
		Debug|x64 = Debug|x64
		Debug|x86 = Debug|x86
		Release|Any CPU = Release|Any CPU
		Release|x64 = Release|x64
		Release|x86 = Release|x86
	EndGlobalSection
	GlobalSection(ProjectConfigurationPlatforms) = postSolution
		{5934E35C-C461-4555-AC45-CA30C5A3B53D}.Debug|Any CPU.ActiveCfg = Debug|Any CPU
		{5934E35C-C461-4555-AC45-CA30C5A3B53D}.Debug|Any CPU.Build.0 = Debug|Any CPU
		{5934E35C-C461-4555-AC45-CA30C5A3B53D}.Debug|x64.ActiveCfg = Debug|Any CPU
		{5934E35C-C461-4555-AC45-CA30C5A3B53D}.Debug|x64.Build.0 = Debug|Any CPU
		{5934E35C-C461-4555-AC45-CA30C5A3B53D}.Debug|x86.ActiveCfg = Debug|Any CPU
		{5934E35C-C461-4555-AC45-CA30C5A3B53D}.Debug|x86.Build.0 = Debug|Any CPU
		{5934E35C-C461-4555-AC45-CA30C5A3B53D}.Release|Any CPU.ActiveCfg = Release|Any CPU
		{5934E35C-C461-4555-AC45-CA30C5A3B53D}.Release|Any CPU.Build.0 = Release|Any CPU
		{5934E35C-C461-4555-AC45-CA30C5A3B53D}.Release|x64.ActiveCfg = Release|Any CPU
		{5934E35C-C461-4555-AC45-CA30C5A3B53D}.Release|x64.Build.0 = Release|Any CPU
		{5934E35C-C461-4555-AC45-CA30C5A3B53D}.Release|x86.ActiveCfg = Release|Any CPU
		{5934E35C-C461-4555-AC45-CA30C5A3B53D}.Release|x86.Build.0 = Release|Any CPU
		{76AFF76E-2373-410A-A453-A9DD2E789A07}.Debug|Any CPU.ActiveCfg = Debug|Any CPU
		{76AFF76E-2373-410A-A453-A9DD2E789A07}.Debug|Any CPU.Build.0 = Debug|Any CPU
		{76AFF76E-2373-410A-A453-A9DD2E789A07}.Debug|x64.ActiveCfg = Debug|Any CPU
		{76AFF76E-2373-410A-A453-A9DD2E789A07}.Debug|x64.Build.0 = Debug|Any CPU
		{76AFF76E-2373-410A-A453-A9DD2E789A07}.Debug|x86.ActiveCfg = Debug|Any CPU
		{76AFF76E-2373-410A-A453-A9DD2E789A07}.Debug|x86.Build.0 = Debug|Any CPU
		{76AFF76E-2373-410A-A453-A9DD2E789A07}.Release|Any CPU.ActiveCfg = Release|Any CPU
		{76AFF76E-2373-410A-A453-A9DD2E789A07}.Release|Any CPU.Build.0 = Release|Any CPU
		{76AFF76E-2373-410A-A453-A9DD2E789A07}.Release|x64.ActiveCfg = Release|Any CPU
		{76AFF76E-2373-410A-A453-A9DD2E789A07}.Release|x64.Build.0 = Release|Any CPU
		{76AFF76E-2373-410A-A453-A9DD2E789A07}.Release|x86.ActiveCfg = Release|Any CPU
		{76AFF76E-2373-410A-A453-A9DD2E789A07}.Release|x86.Build.0 = Release|Any CPU
		{5B4B8D0D-93D8-4827-876B-B6AB7168D0DA}.Debug|Any CPU.ActiveCfg = Debug|Any CPU
		{5B4B8D0D-93D8-4827-876B-B6AB7168D0DA}.Debug|Any CPU.Build.0 = Debug|Any CPU
		{5B4B8D0D-93D8-4827-876B-B6AB7168D0DA}.Debug|x64.ActiveCfg = Debug|Any CPU
		{5B4B8D0D-93D8-4827-876B-B6AB7168D0DA}.Debug|x64.Build.0 = Debug|Any CPU
		{5B4B8D0D-93D8-4827-876B-B6AB7168D0DA}.Debug|x86.ActiveCfg = Debug|Any CPU
		{5B4B8D0D-93D8-4827-876B-B6AB7168D0DA}.Debug|x86.Build.0 = Debug|Any CPU
		{5B4B8D0D-93D8-4827-876B-B6AB7168D0DA}.Release|Any CPU.ActiveCfg = Release|Any CPU
		{5B4B8D0D-93D8-4827-876B-B6AB7168D0DA}.Release|Any CPU.Build.0 = Release|Any CPU
		{5B4B8D0D-93D8-4827-876B-B6AB7168D0DA}.Release|x64.ActiveCfg = Release|Any CPU
		{5B4B8D0D-93D8-4827-876B-B6AB7168D0DA}.Release|x64.Build.0 = Release|Any CPU
		{5B4B8D0D-93D8-4827-876B-B6AB7168D0DA}.Release|x86.ActiveCfg = Release|Any CPU
		{5B4B8D0D-93D8-4827-876B-B6AB7168D0DA}.Release|x86.Build.0 = Release|Any CPU
	EndGlobalSection
	GlobalSection(SolutionProperties) = preSolution
		HideSolutionNode = FALSE
	EndGlobalSection
	GlobalSection(NestedProjects) = preSolution
		{5934E35C-C461-4555-AC45-CA30C5A3B53D} = {827E0CD3-B72D-47B6-A68D-7590B98EB39B}
		{76AFF76E-2373-410A-A453-A9DD2E789A07} = {827E0CD3-B72D-47B6-A68D-7590B98EB39B}
		{5B4B8D0D-93D8-4827-876B-B6AB7168D0DA} = {827E0CD3-B72D-47B6-A68D-7590B98EB39B}
	EndGlobalSection
	GlobalSection(ExtensibilityGlobals) = postSolution
		SolutionGuid = {04EBD931-D317-44C1-9D68-3D12A6743F6F}
	EndGlobalSection
EndGlobal
