
Microsoft Visual Studio Solution File, Format Version 12.00
# Visual Studio Version 17
VisualStudioVersion = 17.0.31903.59
MinimumVisualStudioVersion = 10.0.40219.1
Project("{FAE04EC0-301F-11D3-BF4B-00C04F79EFBC}") = "PocketBase.Net.Client", "PocketBase.Net.Client\PocketBase.Net.Client.csproj", "{414C6A31-8BD0-4FBD-9136-FD369489C674}"
EndProject
Project("{FAE04EC0-301F-11D3-BF4B-00C04F79EFBC}") = "PocketBase.Net.DependencyInjection", "PocketBase.Net.DependencyInjection\PocketBase.Net.DependencyInjection.csproj", "{413AB140-D2E4-4AAE-BD39-3FEBF6A3ED17}"
EndProject
Project("{FAE04EC0-301F-11D3-BF4B-00C04F79EFBC}") = "PocketBase.Net.Demo", "PocketBase.Net.Demo\PocketBase.Net.Demo.csproj", "{D5D50FF1-1871-45C0-8CFB-6DC9A53D3D2A}"
EndProject
Global
	GlobalSection(SolutionConfigurationPlatforms) = preSolution
		Debug|Any CPU = Debug|Any CPU
		Release|Any CPU = Release|Any CPU
	EndGlobalSection
	GlobalSection(ProjectConfigurationPlatforms) = postSolution
		{414C6A31-8BD0-4FBD-9136-FD369489C674}.Debug|Any CPU.ActiveCfg = Debug|Any CPU
		{414C6A31-8BD0-4FBD-9136-FD369489C674}.Debug|Any CPU.Build.0 = Debug|Any CPU
		{414C6A31-8BD0-4FBD-9136-FD369489C674}.Release|Any CPU.ActiveCfg = Release|Any CPU
		{414C6A31-8BD0-4FBD-9136-FD369489C674}.Release|Any CPU.Build.0 = Release|Any CPU
		{413AB140-D2E4-4AAE-BD39-3FEBF6A3ED17}.Debug|Any CPU.ActiveCfg = Debug|Any CPU
		{413AB140-D2E4-4AAE-BD39-3FEBF6A3ED17}.Debug|Any CPU.Build.0 = Debug|Any CPU
		{413AB140-D2E4-4AAE-BD39-3FEBF6A3ED17}.Release|Any CPU.ActiveCfg = Release|Any CPU
		{413AB140-D2E4-4AAE-BD39-3FEBF6A3ED17}.Release|Any CPU.Build.0 = Release|Any CPU
		{D5D50FF1-1871-45C0-8CFB-6DC9A53D3D2A}.Debug|Any CPU.ActiveCfg = Debug|Any CPU
		{D5D50FF1-1871-45C0-8CFB-6DC9A53D3D2A}.Debug|Any CPU.Build.0 = Debug|Any CPU
		{D5D50FF1-1871-45C0-8CFB-6DC9A53D3D2A}.Release|Any CPU.ActiveCfg = Release|Any CPU
		{D5D50FF1-1871-45C0-8CFB-6DC9A53D3D2A}.Release|Any CPU.Build.0 = Release|Any CPU
	EndGlobalSection
	GlobalSection(SolutionProperties) = preSolution
		HideSolutionNode = FALSE
	EndGlobalSection
	GlobalSection(ExtensibilityGlobals) = postSolution
		SolutionGuid = {04EBD931-D317-44C1-9D68-3D12A6743F6F}
	EndGlobalSection
EndGlobal
